
Microsoft Visual Studio Solution File, Format Version 12.00
# Visual Studio Version 16
VisualStudioVersion = 16.0.31019.35
MinimumVisualStudioVersion = 10.0.40219.1
Project("{FAE04EC0-301F-11D3-BF4B-00C04F79EFBC}") = "AdChimeProject", "AdChimeProject\AdChimeProject.csproj", "{2DBEE5A9-AFA2-448C-B0EF-06CC80C79D02}"
EndProject
Project("{FAE04EC0-301F-11D3-BF4B-00C04F79EFBC}") = "AdChimeProject.Tests", "AdChimeProject.Tests\AdChimeProject.Tests.csproj", "{52412E11-A6F6-48A7-9653-06CAC2A6E934}"
EndProject
Global
	GlobalSection(SolutionConfigurationPlatforms) = preSolution
		Debug|Any CPU = Debug|Any CPU
		Release|Any CPU = Release|Any CPU
	EndGlobalSection
	GlobalSection(ProjectConfigurationPlatforms) = postSolution
		{2DBEE5A9-AFA2-448C-B0EF-06CC80C79D02}.Debug|Any CPU.ActiveCfg = Debug|Any CPU
		{2DBEE5A9-AFA2-448C-B0EF-06CC80C79D02}.Debug|Any CPU.Build.0 = Debug|Any CPU
		{2DBEE5A9-AFA2-448C-B0EF-06CC80C79D02}.Release|Any CPU.ActiveCfg = Release|Any CPU
		{2DBEE5A9-AFA2-448C-B0EF-06CC80C79D02}.Release|Any CPU.Build.0 = Release|Any CPU
		{52412E11-A6F6-48A7-9653-06CAC2A6E934}.Debug|Any CPU.ActiveCfg = Debug|Any CPU
		{52412E11-A6F6-48A7-9653-06CAC2A6E934}.Debug|Any CPU.Build.0 = Debug|Any CPU
		{52412E11-A6F6-48A7-9653-06CAC2A6E934}.Release|Any CPU.ActiveCfg = Release|Any CPU
		{52412E11-A6F6-48A7-9653-06CAC2A6E934}.Release|Any CPU.Build.0 = Release|Any CPU
	EndGlobalSection
	GlobalSection(SolutionProperties) = preSolution
		HideSolutionNode = FALSE
	EndGlobalSection
	GlobalSection(ExtensibilityGlobals) = postSolution
		SolutionGuid = {2782FE7C-6801-4D9B-AFCF-E4883AEAC977}
	EndGlobalSection
EndGlobal
